
Microsoft Visual Studio Solution File, Format Version 10.00
# Visual Studio 2008
Project("{8BC9CEB8-8B4A-11D0-8D11-00A0C91BC942}") = "FsRtl", "FsRtl.vcproj", "{07E5FE4B-DB5B-4A57-9ABB-81A80C1FB8BD}"
EndProject
Global
	GlobalSection(SolutionConfigurationPlatforms) = preSolution
		Debug|Win32 = Debug|Win32
		Release|Win32 = Release|Win32
	EndGlobalSection
	GlobalSection(ProjectConfigurationPlatforms) = postSolution
		{07E5FE4B-DB5B-4A57-9ABB-81A80C1FB8BD}.Debug|Win32.ActiveCfg = Debug|Win32
		{07E5FE4B-DB5B-4A57-9ABB-81A80C1FB8BD}.Debug|Win32.Build.0 = Debug|Win32
		{07E5FE4B-DB5B-4A57-9ABB-81A80C1FB8BD}.Release|Win32.ActiveCfg = Release|Win32
		{07E5FE4B-DB5B-4A57-9ABB-81A80C1FB8BD}.Release|Win32.Build.0 = Release|Win32
	EndGlobalSection
	GlobalSection(SolutionProperties) = preSolution
		HideSolutionNode = FALSE
	EndGlobalSection
EndGlobal
